
Microsoft Visual Studio Solution File, Format Version 12.00
# Visual Studio 2012
Project("{8BC9CEB8-8B4A-11D0-8D11-00A0C91BC942}") = "D3D10ParticleSystem", "D3D10ParticleSystem\D3D10ParticleSystem.vcxproj", "{596285A1-C2C6-49FB-8C51-D38B694A055F}"
EndProject
Global
	GlobalSection(SolutionConfigurationPlatforms) = preSolution
		Debug|Win32 = Debug|Win32
		Release|Win32 = Release|Win32
	EndGlobalSection
	GlobalSection(ProjectConfigurationPlatforms) = postSolution
		{596285A1-C2C6-49FB-8C51-D38B694A055F}.Debug|Win32.ActiveCfg = Debug|Win32
		{596285A1-C2C6-49FB-8C51-D38B694A055F}.Debug|Win32.Build.0 = Debug|Win32
		{596285A1-C2C6-49FB-8C51-D38B694A055F}.Release|Win32.ActiveCfg = Release|Win32
		{596285A1-C2C6-49FB-8C51-D38B694A055F}.Release|Win32.Build.0 = Release|Win32
	EndGlobalSection
	GlobalSection(SolutionProperties) = preSolution
		HideSolutionNode = FALSE
	EndGlobalSection
EndGlobal
